{
  "pins" : [
    {
      "identity" : "agorartcengine_ios",
      "kind" : "remoteSourceControl",
      "location" : "https://github.com/AgoraIO/AgoraRtcEngine_iOS",
      "state" : {
        "revision" : "bf4f7bd585bbaa773ee83d753d8b1b97f7f831c5",
        "version" : "4.2.6"
      }
    },
    {
      "identity" : "agorartm_ios",
      "kind" : "remoteSourceControl",
      "location" : "https://github.com/AgoraIO/AgoraRtm_iOS",
      "state" : {
        "revision" : "2e87ada22df8110cf85b9f18c2ac08083f4f63f4",
        "version" : "1.5.1"
      }
    },
    {
      "identity" : "ece564login",
      "kind" : "remoteSourceControl",
      "location" : "https://github.com/0HugoHu/ECE564Login",
      "state" : {
        "branch" : "main",
        "revision" : "286d1722bdd80426c1bcffc5bd6d238833e82a85"
      }
    },
    {
      "identity" : "loadingbutton",
      "kind" : "remoteSourceControl",
      "location" : "https://github.com/changemin/LoadingButton.git",
      "state" : {
        "revision" : "5045668df822a04c248a9b40aca888a4d37f275a",
        "version" : "1.1.2"
      }
    },
    {
      "identity" : "lottie-spm",
      "kind" : "remoteSourceControl",
      "location" : "https://github.com/airbnb/lottie-spm.git",
      "state" : {
        "revision" : "3bd43e12d6fb54654366a61f7cfaca787318b8ce",
        "version" : "4.4.1"
      }
    },
    {
      "identity" : "paper-onboarding",
      "kind" : "remoteSourceControl",
      "location" : "https://github.com/Ramotion/paper-onboarding.git",
      "state" : {
        "revision" : "c36df080b1001c385cc14c85f3b1c5ea36531fd0",
        "version" : "6.1.5"
      }
    },
    {
      "identity" : "swiftfulloadingindicators",
      "kind" : "remoteSourceControl",
      "location" : "https://github.com/SwiftfulThinking/SwiftfulLoadingIndicators.git",
      "state" : {
        "revision" : "85858c0246dcd781228301f9928519f75ce89758",
        "version" : "0.0.4"
      }
    },
    {
      "identity" : "swiftuirtc",
      "kind" : "remoteSourceControl",
      "location" : "https://github.com/AgoraIO-Community/SwiftUIRtc.git",
      "state" : {
        "revision" : "708548a477450be13d76f72c296928880d73ad5c",
        "version" : "0.5.0"
      }
    },
    {
      "identity" : "videouikit-ios",
      "kind" : "remoteSourceControl",
      "location" : "https://github.com/AgoraIO-Community/VideoUIKit-iOS.git",
      "state" : {
        "revision" : "d2d20302e3e328aa24008b00aad8e706b96381ff",
        "version" : "4.1.1"
      }
    }
  ],
  "version" : 2
}
