// !$*UTF8*$!
{
	archiveVersion = 1;
	classes = {
	};
	objectVersion = 56;
	objects = {

/* Begin PBXBuildFile section */
		673E3F4C2BBCF9BF005229B7 /* ProfileEditView.swift in Sources */ = {isa = PBXBuildFile; fileRef = 673E3F4B2BBCF9BF005229B7 /* ProfileEditView.swift */; };
		673E3F4E2BBD0FCC005229B7 /* EditPhotoItem.swift in Sources */ = {isa = PBXBuildFile; fileRef = 673E3F4D2BBD0FCC005229B7 /* EditPhotoItem.swift */; };
		673E3F502BBD1502005229B7 /* EditPhotoMatrix.swift in Sources */ = {isa = PBXBuildFile; fileRef = 673E3F4F2BBD1502005229B7 /* EditPhotoMatrix.swift */; };
		673E3F522BBDC0EC005229B7 /* WheelPickerView.swift in Sources */ = {isa = PBXBuildFile; fileRef = 673E3F512BBDC0EC005229B7 /* WheelPickerView.swift */; };
		673E3F542BBDD246005229B7 /* SliderPickerView.swift in Sources */ = {isa = PBXBuildFile; fileRef = 673E3F532BBDD246005229B7 /* SliderPickerView.swift */; };
		673E3F562BBDD3A0005229B7 /* RangeSlider.swift in Sources */ = {isa = PBXBuildFile; fileRef = 673E3F552BBDD3A0005229B7 /* RangeSlider.swift */; };
		673E3F582BBDEEE0005229B7 /* InterestsView.swift in Sources */ = {isa = PBXBuildFile; fileRef = 673E3F572BBDEEE0005229B7 /* InterestsView.swift */; };
		673E3F5B2BBE09BA005229B7 /* interests.json in Resources */ = {isa = PBXBuildFile; fileRef = 673E3F5A2BBE09BA005229B7 /* interests.json */; };
		673E3F5D2BBE37D6005229B7 /* ImagePicker.swift in Sources */ = {isa = PBXBuildFile; fileRef = 673E3F5C2BBE37D6005229B7 /* ImagePicker.swift */; };
		673E3F612BBE412B005229B7 /* OtherProfileView.swift in Sources */ = {isa = PBXBuildFile; fileRef = 673E3F602BBE412B005229B7 /* OtherProfileView.swift */; };
		673E3F632BBE4A6B005229B7 /* PhotosViewer.swift in Sources */ = {isa = PBXBuildFile; fileRef = 673E3F622BBE4A6B005229B7 /* PhotosViewer.swift */; };
		673E3F652BBE6F33005229B7 /* OtherProfileDetailView.swift in Sources */ = {isa = PBXBuildFile; fileRef = 673E3F642BBE6F33005229B7 /* OtherProfileDetailView.swift */; };
		673E3F6D2BC5B597005229B7 /* ChatRow.swift in Sources */ = {isa = PBXBuildFile; fileRef = 673E3F6C2BC5B597005229B7 /* ChatRow.swift */; };
		673F083A2BCA281800371E38 /* VideoCallView.swift in Sources */ = {isa = PBXBuildFile; fileRef = 673F08392BCA281800371E38 /* VideoCallView.swift */; };
		673F08412BCD711700371E38 /* UploadViewModel.swift in Sources */ = {isa = PBXBuildFile; fileRef = 673F08402BCD711700371E38 /* UploadViewModel.swift */; };
		67901FFE2BA4989400CE0AAC /* RoommateApp.swift in Sources */ = {isa = PBXBuildFile; fileRef = 67901FFD2BA4989400CE0AAC /* RoommateApp.swift */; };
		679020002BA4989400CE0AAC /* ContentView.swift in Sources */ = {isa = PBXBuildFile; fileRef = 67901FFF2BA4989400CE0AAC /* ContentView.swift */; };
		679020022BA4989500CE0AAC /* Assets.xcassets in Resources */ = {isa = PBXBuildFile; fileRef = 679020012BA4989500CE0AAC /* Assets.xcassets */; };
		679020052BA4989500CE0AAC /* Preview Assets.xcassets in Resources */ = {isa = PBXBuildFile; fileRef = 679020042BA4989500CE0AAC /* Preview Assets.xcassets */; };
		679020142BAA0E2300CE0AAC /* Range.swift in Sources */ = {isa = PBXBuildFile; fileRef = 6790200D2BAA0E2300CE0AAC /* Range.swift */; };
		679020152BAA0E2300CE0AAC /* User.swift in Sources */ = {isa = PBXBuildFile; fileRef = 6790200E2BAA0E2300CE0AAC /* User.swift */; };
		679020162BAA0E2300CE0AAC /* Preference.swift in Sources */ = {isa = PBXBuildFile; fileRef = 6790200F2BAA0E2300CE0AAC /* Preference.swift */; };
		679020172BAA0E2300CE0AAC /* Room.swift in Sources */ = {isa = PBXBuildFile; fileRef = 679020102BAA0E2300CE0AAC /* Room.swift */; };
		679020182BAA0E2300CE0AAC /* Gender.swift in Sources */ = {isa = PBXBuildFile; fileRef = 679020112BAA0E2300CE0AAC /* Gender.swift */; };
		679020192BAA0E2300CE0AAC /* Purpose.swift in Sources */ = {isa = PBXBuildFile; fileRef = 679020122BAA0E2300CE0AAC /* Purpose.swift */; };
		6790201A2BAA0E2300CE0AAC /* Major.swift in Sources */ = {isa = PBXBuildFile; fileRef = 679020132BAA0E2300CE0AAC /* Major.swift */; };
		6790201C2BAA112300CE0AAC /* Program.swift in Sources */ = {isa = PBXBuildFile; fileRef = 6790201B2BAA112300CE0AAC /* Program.swift */; };
		6790201E2BAA12C000CE0AAC /* School.swift in Sources */ = {isa = PBXBuildFile; fileRef = 6790201D2BAA12C000CE0AAC /* School.swift */; };
		6793D2ED2BC65B6900FC8C68 /* NewMatchItem.swift in Sources */ = {isa = PBXBuildFile; fileRef = 6793D2EC2BC65B6900FC8C68 /* NewMatchItem.swift */; };
		6793D2EF2BC65B7100FC8C68 /* NewMatchView.swift in Sources */ = {isa = PBXBuildFile; fileRef = 6793D2EE2BC65B7100FC8C68 /* NewMatchView.swift */; };
		6793D2F22BC7110900FC8C68 /* SwiftUIRtc in Frameworks */ = {isa = PBXBuildFile; productRef = 6793D2F12BC7110900FC8C68 /* SwiftUIRtc */; };
		6793D2F72BC7383200FC8C68 /* AgoraRtmKit in Frameworks */ = {isa = PBXBuildFile; productRef = 6793D2F62BC7383200FC8C68 /* AgoraRtmKit */; };
		6793D3072BC83A6200FC8C68 /* profilePic.swift in Sources */ = {isa = PBXBuildFile; fileRef = 6793D3062BC83A6200FC8C68 /* profilePic.swift */; };
		67B7DBED2BC87D0D00FCB550 /* CallingView.swift in Sources */ = {isa = PBXBuildFile; fileRef = 67B7DBE92BC87D0D00FCB550 /* CallingView.swift */; };
		67B7DBEE2BC87D0D00FCB550 /* IncomingView.swift in Sources */ = {isa = PBXBuildFile; fileRef = 67B7DBEA2BC87D0D00FCB550 /* IncomingView.swift */; };
		67B7DBEF2BC87D0D00FCB550 /* AgoraManager.swift in Sources */ = {isa = PBXBuildFile; fileRef = 67B7DBEB2BC87D0D00FCB550 /* AgoraManager.swift */; };
		67B7DBF02BC87D0D00FCB550 /* AgoraVideoViewerRepresentable.swift in Sources */ = {isa = PBXBuildFile; fileRef = 67B7DBEC2BC87D0D00FCB550 /* AgoraVideoViewerRepresentable.swift */; };
		67B7DBF32BC87E2500FCB550 /* AgoraAppGroupDataHelper in Frameworks */ = {isa = PBXBuildFile; productRef = 67B7DBF22BC87E2500FCB550 /* AgoraAppGroupDataHelper */; };
		67B7DBF52BC87E2500FCB550 /* AgoraBroadcastExtensionHelper in Frameworks */ = {isa = PBXBuildFile; productRef = 67B7DBF42BC87E2500FCB550 /* AgoraBroadcastExtensionHelper */; };
		67B7DBF72BC87E2500FCB550 /* AgoraUIKit in Frameworks */ = {isa = PBXBuildFile; productRef = 67B7DBF62BC87E2500FCB550 /* AgoraUIKit */; };
		91019E052BB3C67E00FE262D /* ProfileEditTabView.swift in Sources */ = {isa = PBXBuildFile; fileRef = 91019E042BB3C67E00FE262D /* ProfileEditTabView.swift */; };
		911C5B962BC83FB500335F9E /* DownloadManager.swift in Sources */ = {isa = PBXBuildFile; fileRef = 911C5B952BC83FB500335F9E /* DownloadManager.swift */; };
		911C5B982BC83FE700335F9E /* mainPhotoView.swift in Sources */ = {isa = PBXBuildFile; fileRef = 911C5B972BC83FE700335F9E /* mainPhotoView.swift */; };
		914C9B9B2BAA7C58004F3E69 /* Database.swift in Sources */ = {isa = PBXBuildFile; fileRef = 914C9B9A2BAA7C58004F3E69 /* Database.swift */; };
		914C9B9D2BAA8234004F3E69 /* ProfileView.swift in Sources */ = {isa = PBXBuildFile; fileRef = 914C9B9C2BAA8234004F3E69 /* ProfileView.swift */; };
		914C9B9F2BAA8297004F3E69 /* ChatView.swift in Sources */ = {isa = PBXBuildFile; fileRef = 914C9B9E2BAA8297004F3E69 /* ChatView.swift */; };
		914C9BA32BAA8442004F3E69 /* BlogView.swift in Sources */ = {isa = PBXBuildFile; fileRef = 914C9BA22BAA8442004F3E69 /* BlogView.swift */; };
		91BA0FC52BCCB7BD00FEF90E /* websites.swift in Sources */ = {isa = PBXBuildFile; fileRef = 91BA0FC42BCCB7BD00FEF90E /* websites.swift */; };
		91FE1BE22BABC43000980170 /* ECE564Login in Frameworks */ = {isa = PBXBuildFile; productRef = 91FE1BE12BABC43000980170 /* ECE564Login */; };
/* End PBXBuildFile section */

/* Begin PBXFileReference section */
		673E3F4B2BBCF9BF005229B7 /* ProfileEditView.swift */ = {isa = PBXFileReference; lastKnownFileType = sourcecode.swift; path = ProfileEditView.swift; sourceTree = "<group>"; };
		673E3F4D2BBD0FCC005229B7 /* EditPhotoItem.swift */ = {isa = PBXFileReference; lastKnownFileType = sourcecode.swift; path = EditPhotoItem.swift; sourceTree = "<group>"; };
		673E3F4F2BBD1502005229B7 /* EditPhotoMatrix.swift */ = {isa = PBXFileReference; lastKnownFileType = sourcecode.swift; path = EditPhotoMatrix.swift; sourceTree = "<group>"; };
		673E3F512BBDC0EC005229B7 /* WheelPickerView.swift */ = {isa = PBXFileReference; lastKnownFileType = sourcecode.swift; path = WheelPickerView.swift; sourceTree = "<group>"; };
		673E3F532BBDD246005229B7 /* SliderPickerView.swift */ = {isa = PBXFileReference; lastKnownFileType = sourcecode.swift; path = SliderPickerView.swift; sourceTree = "<group>"; };
		673E3F552BBDD3A0005229B7 /* RangeSlider.swift */ = {isa = PBXFileReference; lastKnownFileType = sourcecode.swift; path = RangeSlider.swift; sourceTree = "<group>"; };
		673E3F572BBDEEE0005229B7 /* InterestsView.swift */ = {isa = PBXFileReference; lastKnownFileType = sourcecode.swift; path = InterestsView.swift; sourceTree = "<group>"; };
		673E3F5A2BBE09BA005229B7 /* interests.json */ = {isa = PBXFileReference; fileEncoding = 4; lastKnownFileType = text.json; path = interests.json; sourceTree = "<group>"; };
		673E3F5C2BBE37D6005229B7 /* ImagePicker.swift */ = {isa = PBXFileReference; lastKnownFileType = sourcecode.swift; path = ImagePicker.swift; sourceTree = "<group>"; };
		673E3F602BBE412B005229B7 /* OtherProfileView.swift */ = {isa = PBXFileReference; lastKnownFileType = sourcecode.swift; path = OtherProfileView.swift; sourceTree = "<group>"; };
		673E3F622BBE4A6B005229B7 /* PhotosViewer.swift */ = {isa = PBXFileReference; lastKnownFileType = sourcecode.swift; path = PhotosViewer.swift; sourceTree = "<group>"; };
		673E3F642BBE6F33005229B7 /* OtherProfileDetailView.swift */ = {isa = PBXFileReference; lastKnownFileType = sourcecode.swift; path = OtherProfileDetailView.swift; sourceTree = "<group>"; };
		673E3F6C2BC5B597005229B7 /* ChatRow.swift */ = {isa = PBXFileReference; lastKnownFileType = sourcecode.swift; path = ChatRow.swift; sourceTree = "<group>"; };
		673F08392BCA281800371E38 /* VideoCallView.swift */ = {isa = PBXFileReference; lastKnownFileType = sourcecode.swift; path = VideoCallView.swift; sourceTree = "<group>"; };
		673F08402BCD711700371E38 /* UploadViewModel.swift */ = {isa = PBXFileReference; lastKnownFileType = sourcecode.swift; path = UploadViewModel.swift; sourceTree = "<group>"; };
		67901FFA2BA4989400CE0AAC /* Roommate.app */ = {isa = PBXFileReference; explicitFileType = wrapper.application; includeInIndex = 0; path = Roommate.app; sourceTree = BUILT_PRODUCTS_DIR; };
		67901FFD2BA4989400CE0AAC /* RoommateApp.swift */ = {isa = PBXFileReference; lastKnownFileType = sourcecode.swift; path = RoommateApp.swift; sourceTree = "<group>"; };
		67901FFF2BA4989400CE0AAC /* ContentView.swift */ = {isa = PBXFileReference; lastKnownFileType = sourcecode.swift; path = ContentView.swift; sourceTree = "<group>"; };
		679020012BA4989500CE0AAC /* Assets.xcassets */ = {isa = PBXFileReference; lastKnownFileType = folder.assetcatalog; path = Assets.xcassets; sourceTree = "<group>"; };
		679020042BA4989500CE0AAC /* Preview Assets.xcassets */ = {isa = PBXFileReference; lastKnownFileType = folder.assetcatalog; path = "Preview Assets.xcassets"; sourceTree = "<group>"; };
		6790200D2BAA0E2300CE0AAC /* Range.swift */ = {isa = PBXFileReference; fileEncoding = 4; lastKnownFileType = sourcecode.swift; path = Range.swift; sourceTree = "<group>"; };
		6790200E2BAA0E2300CE0AAC /* User.swift */ = {isa = PBXFileReference; fileEncoding = 4; lastKnownFileType = sourcecode.swift; path = User.swift; sourceTree = "<group>"; };
		6790200F2BAA0E2300CE0AAC /* Preference.swift */ = {isa = PBXFileReference; fileEncoding = 4; lastKnownFileType = sourcecode.swift; path = Preference.swift; sourceTree = "<group>"; };
		679020102BAA0E2300CE0AAC /* Room.swift */ = {isa = PBXFileReference; fileEncoding = 4; lastKnownFileType = sourcecode.swift; path = Room.swift; sourceTree = "<group>"; };
		679020112BAA0E2300CE0AAC /* Gender.swift */ = {isa = PBXFileReference; fileEncoding = 4; lastKnownFileType = sourcecode.swift; path = Gender.swift; sourceTree = "<group>"; };
		679020122BAA0E2300CE0AAC /* Purpose.swift */ = {isa = PBXFileReference; fileEncoding = 4; lastKnownFileType = sourcecode.swift; path = Purpose.swift; sourceTree = "<group>"; };
		679020132BAA0E2300CE0AAC /* Major.swift */ = {isa = PBXFileReference; fileEncoding = 4; lastKnownFileType = sourcecode.swift; path = Major.swift; sourceTree = "<group>"; };
		6790201B2BAA112300CE0AAC /* Program.swift */ = {isa = PBXFileReference; lastKnownFileType = sourcecode.swift; path = Program.swift; sourceTree = "<group>"; };
		6790201D2BAA12C000CE0AAC /* School.swift */ = {isa = PBXFileReference; lastKnownFileType = sourcecode.swift; path = School.swift; sourceTree = "<group>"; };
		6793D2EC2BC65B6900FC8C68 /* NewMatchItem.swift */ = {isa = PBXFileReference; fileEncoding = 4; lastKnownFileType = sourcecode.swift; path = NewMatchItem.swift; sourceTree = "<group>"; };
		6793D2EE2BC65B7100FC8C68 /* NewMatchView.swift */ = {isa = PBXFileReference; fileEncoding = 4; lastKnownFileType = sourcecode.swift; path = NewMatchView.swift; sourceTree = "<group>"; };
		6793D3062BC83A6200FC8C68 /* profilePic.swift */ = {isa = PBXFileReference; fileEncoding = 4; lastKnownFileType = sourcecode.swift; path = profilePic.swift; sourceTree = "<group>"; };
		67B7DBE92BC87D0D00FCB550 /* CallingView.swift */ = {isa = PBXFileReference; fileEncoding = 4; lastKnownFileType = sourcecode.swift; path = CallingView.swift; sourceTree = "<group>"; };
		67B7DBEA2BC87D0D00FCB550 /* IncomingView.swift */ = {isa = PBXFileReference; fileEncoding = 4; lastKnownFileType = sourcecode.swift; path = IncomingView.swift; sourceTree = "<group>"; };
		67B7DBEB2BC87D0D00FCB550 /* AgoraManager.swift */ = {isa = PBXFileReference; fileEncoding = 4; lastKnownFileType = sourcecode.swift; path = AgoraManager.swift; sourceTree = "<group>"; };
		67B7DBEC2BC87D0D00FCB550 /* AgoraVideoViewerRepresentable.swift */ = {isa = PBXFileReference; fileEncoding = 4; lastKnownFileType = sourcecode.swift; path = AgoraVideoViewerRepresentable.swift; sourceTree = "<group>"; };
		91019E042BB3C67E00FE262D /* ProfileEditTabView.swift */ = {isa = PBXFileReference; lastKnownFileType = sourcecode.swift; path = ProfileEditTabView.swift; sourceTree = "<group>"; };
		911C5B952BC83FB500335F9E /* DownloadManager.swift */ = {isa = PBXFileReference; lastKnownFileType = sourcecode.swift; path = DownloadManager.swift; sourceTree = "<group>"; };
		911C5B972BC83FE700335F9E /* mainPhotoView.swift */ = {isa = PBXFileReference; lastKnownFileType = sourcecode.swift; path = mainPhotoView.swift; sourceTree = "<group>"; };
		914C9B9A2BAA7C58004F3E69 /* Database.swift */ = {isa = PBXFileReference; lastKnownFileType = sourcecode.swift; path = Database.swift; sourceTree = "<group>"; };
		914C9B9C2BAA8234004F3E69 /* ProfileView.swift */ = {isa = PBXFileReference; lastKnownFileType = sourcecode.swift; path = ProfileView.swift; sourceTree = "<group>"; };
		914C9B9E2BAA8297004F3E69 /* ChatView.swift */ = {isa = PBXFileReference; lastKnownFileType = sourcecode.swift; path = ChatView.swift; sourceTree = "<group>"; };
		914C9BA22BAA8442004F3E69 /* BlogView.swift */ = {isa = PBXFileReference; lastKnownFileType = sourcecode.swift; path = BlogView.swift; sourceTree = "<group>"; };
		914C9BAB2BAB588E004F3E69 /* Info.plist */ = {isa = PBXFileReference; lastKnownFileType = text.plist; path = Info.plist; sourceTree = "<group>"; };
		91BA0FC42BCCB7BD00FEF90E /* websites.swift */ = {isa = PBXFileReference; lastKnownFileType = sourcecode.swift; path = websites.swift; sourceTree = "<group>"; };
/* End PBXFileReference section */

/* Begin PBXFrameworksBuildPhase section */
		67901FF72BA4989400CE0AAC /* Frameworks */ = {
			isa = PBXFrameworksBuildPhase;
			buildActionMask = 2147483647;
			files = (
				6793D2F72BC7383200FC8C68 /* AgoraRtmKit in Frameworks */,
				67B7DBF32BC87E2500FCB550 /* AgoraAppGroupDataHelper in Frameworks */,
				67B7DBF72BC87E2500FCB550 /* AgoraUIKit in Frameworks */,
				6793D2F22BC7110900FC8C68 /* SwiftUIRtc in Frameworks */,
				67B7DBF52BC87E2500FCB550 /* AgoraBroadcastExtensionHelper in Frameworks */,
				91FE1BE22BABC43000980170 /* ECE564Login in Frameworks */,
			);
			runOnlyForDeploymentPostprocessing = 0;
		};
/* End PBXFrameworksBuildPhase section */

/* Begin PBXGroup section */
		673E3F592BBE09AC005229B7 /* Resources */ = {
			isa = PBXGroup;
			children = (
				673E3F5A2BBE09BA005229B7 /* interests.json */,
			);
			path = Resources;
			sourceTree = "<group>";
		};
		673E3F5E2BBE405C005229B7 /* Edit */ = {
			isa = PBXGroup;
			children = (
				673E3F5C2BBE37D6005229B7 /* ImagePicker.swift */,
				673E3F4F2BBD1502005229B7 /* EditPhotoMatrix.swift */,
				673E3F4D2BBD0FCC005229B7 /* EditPhotoItem.swift */,
				673E3F532BBDD246005229B7 /* SliderPickerView.swift */,
				673E3F512BBDC0EC005229B7 /* WheelPickerView.swift */,
				673E3F552BBDD3A0005229B7 /* RangeSlider.swift */,
				673E3F572BBDEEE0005229B7 /* InterestsView.swift */,
				673E3F4B2BBCF9BF005229B7 /* ProfileEditView.swift */,
			);
			path = Edit;
			sourceTree = "<group>";
		};
		673E3F5F2BBE4101005229B7 /* OtherSide */ = {
			isa = PBXGroup;
			children = (
				673E3F602BBE412B005229B7 /* OtherProfileView.swift */,
				673E3F642BBE6F33005229B7 /* OtherProfileDetailView.swift */,
			);
			path = OtherSide;
			sourceTree = "<group>";
		};
		673E3F692BC5AA13005229B7 /* Chat */ = {
			isa = PBXGroup;
			children = (
				914C9B9E2BAA8297004F3E69 /* ChatView.swift */,
				6793D2EE2BC65B7100FC8C68 /* NewMatchView.swift */,
				6793D2EC2BC65B6900FC8C68 /* NewMatchItem.swift */,
				673E3F6C2BC5B597005229B7 /* ChatRow.swift */,
			);
			path = Chat;
			sourceTree = "<group>";
		};
		673F083C2BCD6BCF00371E38 /* Blog */ = {
			isa = PBXGroup;
			children = (
				914C9BA22BAA8442004F3E69 /* BlogView.swift */,
				91BA0FC42BCCB7BD00FEF90E /* websites.swift */,
			);
			path = Blog;
			sourceTree = "<group>";
		};
		673F083D2BCD6BE900371E38 /* util */ = {
			isa = PBXGroup;
			children = (
				911C5B952BC83FB500335F9E /* DownloadManager.swift */,
				673F08402BCD711700371E38 /* UploadViewModel.swift */,
			);
			path = util;
			sourceTree = "<group>";
		};
		67901FF12BA4989400CE0AAC = {
			isa = PBXGroup;
			children = (
				67901FFC2BA4989400CE0AAC /* Roommate */,
				67901FFB2BA4989400CE0AAC /* Products */,
			);
			sourceTree = "<group>";
		};
		67901FFB2BA4989400CE0AAC /* Products */ = {
			isa = PBXGroup;
			children = (
				67901FFA2BA4989400CE0AAC /* Roommate.app */,
			);
			name = Products;
			sourceTree = "<group>";
		};
		67901FFC2BA4989400CE0AAC /* Roommate */ = {
			isa = PBXGroup;
			children = (
				67901FFD2BA4989400CE0AAC /* RoommateApp.swift */,
				67901FFF2BA4989400CE0AAC /* ContentView.swift */,
				911C5B972BC83FE700335F9E /* mainPhotoView.swift */,
				6790200C2BAA0E0F00CE0AAC /* Model */,
				673F083C2BCD6BCF00371E38 /* Blog */,
				673E3F692BC5AA13005229B7 /* Chat */,
				67B7DBE82BC87D0D00FCB550 /* AgoraVideoCall */,
				6790208C2BBC706D00CE0AAC /* Profile */,
				673F083D2BCD6BE900371E38 /* util */,
				673E3F592BBE09AC005229B7 /* Resources */,
				679020012BA4989500CE0AAC /* Assets.xcassets */,
				914C9BAB2BAB588E004F3E69 /* Info.plist */,
				679020032BA4989500CE0AAC /* Preview Content */,
			);
			path = Roommate;
			sourceTree = "<group>";
		};
		679020032BA4989500CE0AAC /* Preview Content */ = {
			isa = PBXGroup;
			children = (
				679020042BA4989500CE0AAC /* Preview Assets.xcassets */,
			);
			path = "Preview Content";
			sourceTree = "<group>";
		};
		6790200C2BAA0E0F00CE0AAC /* Model */ = {
			isa = PBXGroup;
			children = (
				679020112BAA0E2300CE0AAC /* Gender.swift */,
				679020132BAA0E2300CE0AAC /* Major.swift */,
				6790200F2BAA0E2300CE0AAC /* Preference.swift */,
				679020122BAA0E2300CE0AAC /* Purpose.swift */,
				6790200D2BAA0E2300CE0AAC /* Range.swift */,
				679020102BAA0E2300CE0AAC /* Room.swift */,
				6790200E2BAA0E2300CE0AAC /* User.swift */,
				914C9B9A2BAA7C58004F3E69 /* Database.swift */,
				6790201D2BAA12C000CE0AAC /* School.swift */,
				6790201B2BAA112300CE0AAC /* Program.swift */,
			);
			path = Model;
			sourceTree = "<group>";
		};
		6790208C2BBC706D00CE0AAC /* Profile */ = {
			isa = PBXGroup;
			children = (
				914C9B9C2BAA8234004F3E69 /* ProfileView.swift */,
				91019E042BB3C67E00FE262D /* ProfileEditTabView.swift */,
				673E3F622BBE4A6B005229B7 /* PhotosViewer.swift */,
				6793D3062BC83A6200FC8C68 /* profilePic.swift */,
				673E3F5E2BBE405C005229B7 /* Edit */,
				673E3F5F2BBE4101005229B7 /* OtherSide */,
			);
			path = Profile;
			sourceTree = "<group>";
		};
		67B7DBE82BC87D0D00FCB550 /* AgoraVideoCall */ = {
			isa = PBXGroup;
			children = (
				67B7DBE92BC87D0D00FCB550 /* CallingView.swift */,
				673F08392BCA281800371E38 /* VideoCallView.swift */,
				67B7DBEA2BC87D0D00FCB550 /* IncomingView.swift */,
				67B7DBEB2BC87D0D00FCB550 /* AgoraManager.swift */,
				67B7DBEC2BC87D0D00FCB550 /* AgoraVideoViewerRepresentable.swift */,
			);
			path = AgoraVideoCall;
			sourceTree = "<group>";
		};
/* End PBXGroup section */

/* Begin PBXNativeTarget section */
		67901FF92BA4989400CE0AAC /* Roommate */ = {
			isa = PBXNativeTarget;
			buildConfigurationList = 679020082BA4989500CE0AAC /* Build configuration list for PBXNativeTarget "Roommate" */;
			buildPhases = (
				67901FF62BA4989400CE0AAC /* Sources */,
				67901FF72BA4989400CE0AAC /* Frameworks */,
				67901FF82BA4989400CE0AAC /* Resources */,
			);
			buildRules = (
			);
			dependencies = (
				91BA0FC32BCAE86D00FEF90E /* PBXTargetDependency */,
				91BA0FC12BCAE86A00FEF90E /* PBXTargetDependency */,
				91BA0FBF2BCAE86700FEF90E /* PBXTargetDependency */,
				91BA0FBD2BCAE86100FEF90E /* PBXTargetDependency */,
				91BA0FBB2BCAE85C00FEF90E /* PBXTargetDependency */,
				91FE1BE42BABC43500980170 /* PBXTargetDependency */,
			);
			name = Roommate;
			packageProductDependencies = (
				91FE1BE12BABC43000980170 /* ECE564Login */,
				6793D2F12BC7110900FC8C68 /* SwiftUIRtc */,
				6793D2F62BC7383200FC8C68 /* AgoraRtmKit */,
				67B7DBF22BC87E2500FCB550 /* AgoraAppGroupDataHelper */,
				67B7DBF42BC87E2500FCB550 /* AgoraBroadcastExtensionHelper */,
				67B7DBF62BC87E2500FCB550 /* AgoraUIKit */,
			);
			productName = Roommate;
			productReference = 67901FFA2BA4989400CE0AAC /* Roommate.app */;
			productType = "com.apple.product-type.application";
		};
/* End PBXNativeTarget section */

/* Begin PBXProject section */
		67901FF22BA4989400CE0AAC /* Project object */ = {
			isa = PBXProject;
			attributes = {
				BuildIndependentTargetsInParallel = 1;
				LastSwiftUpdateCheck = 1520;
				LastUpgradeCheck = 1520;
				TargetAttributes = {
					67901FF92BA4989400CE0AAC = {
						CreatedOnToolsVersion = 15.2;
					};
				};
			};
			buildConfigurationList = 67901FF52BA4989400CE0AAC /* Build configuration list for PBXProject "Roommate" */;
			compatibilityVersion = "Xcode 14.0";
			developmentRegion = en;
			hasScannedForEncodings = 0;
			knownRegions = (
				en,
				Base,
			);
			mainGroup = 67901FF12BA4989400CE0AAC;
			packageReferences = (
				91FE1BE02BABC43000980170 /* XCRemoteSwiftPackageReference "ECE564Login" */,
				6793D2F02BC7110900FC8C68 /* XCRemoteSwiftPackageReference "SwiftUIRtc" */,
				6793D2F52BC7383200FC8C68 /* XCRemoteSwiftPackageReference "AgoraRtm_iOS" */,
				67B7DBF12BC87E2500FCB550 /* XCRemoteSwiftPackageReference "VideoUIKit-iOS" */,
			);
			productRefGroup = 67901FFB2BA4989400CE0AAC /* Products */;
			projectDirPath = "";
			projectRoot = "";
			targets = (
				67901FF92BA4989400CE0AAC /* Roommate */,
			);
		};
/* End PBXProject section */

/* Begin PBXResourcesBuildPhase section */
		67901FF82BA4989400CE0AAC /* Resources */ = {
			isa = PBXResourcesBuildPhase;
			buildActionMask = 2147483647;
			files = (
				679020052BA4989500CE0AAC /* Preview Assets.xcassets in Resources */,
				679020022BA4989500CE0AAC /* Assets.xcassets in Resources */,
				673E3F5B2BBE09BA005229B7 /* interests.json in Resources */,
			);
			runOnlyForDeploymentPostprocessing = 0;
		};
/* End PBXResourcesBuildPhase section */

/* Begin PBXSourcesBuildPhase section */
		67901FF62BA4989400CE0AAC /* Sources */ = {
			isa = PBXSourcesBuildPhase;
			buildActionMask = 2147483647;
			files = (
				673E3F522BBDC0EC005229B7 /* WheelPickerView.swift in Sources */,
				67B7DBED2BC87D0D00FCB550 /* CallingView.swift in Sources */,
				67B7DBEF2BC87D0D00FCB550 /* AgoraManager.swift in Sources */,
				911C5B962BC83FB500335F9E /* DownloadManager.swift in Sources */,
				673F083A2BCA281800371E38 /* VideoCallView.swift in Sources */,
				91019E052BB3C67E00FE262D /* ProfileEditTabView.swift in Sources */,
				673E3F5D2BBE37D6005229B7 /* ImagePicker.swift in Sources */,
				6790201C2BAA112300CE0AAC /* Program.swift in Sources */,
				914C9B9D2BAA8234004F3E69 /* ProfileView.swift in Sources */,
				673E3F632BBE4A6B005229B7 /* PhotosViewer.swift in Sources */,
				679020162BAA0E2300CE0AAC /* Preference.swift in Sources */,
				679020152BAA0E2300CE0AAC /* User.swift in Sources */,
				91BA0FC52BCCB7BD00FEF90E /* websites.swift in Sources */,
				914C9B9F2BAA8297004F3E69 /* ChatView.swift in Sources */,
				679020172BAA0E2300CE0AAC /* Room.swift in Sources */,
				67B7DBEE2BC87D0D00FCB550 /* IncomingView.swift in Sources */,
				673E3F562BBDD3A0005229B7 /* RangeSlider.swift in Sources */,
				679020142BAA0E2300CE0AAC /* Range.swift in Sources */,
				673E3F582BBDEEE0005229B7 /* InterestsView.swift in Sources */,
				673E3F542BBDD246005229B7 /* SliderPickerView.swift in Sources */,
				673E3F612BBE412B005229B7 /* OtherProfileView.swift in Sources */,
				6793D2EF2BC65B7100FC8C68 /* NewMatchView.swift in Sources */,
				914C9BA32BAA8442004F3E69 /* BlogView.swift in Sources */,
				673E3F652BBE6F33005229B7 /* OtherProfileDetailView.swift in Sources */,
				673E3F4C2BBCF9BF005229B7 /* ProfileEditView.swift in Sources */,
				6790201A2BAA0E2300CE0AAC /* Major.swift in Sources */,
				914C9B9B2BAA7C58004F3E69 /* Database.swift in Sources */,
				911C5B982BC83FE700335F9E /* mainPhotoView.swift in Sources */,
				6793D2ED2BC65B6900FC8C68 /* NewMatchItem.swift in Sources */,
				679020002BA4989400CE0AAC /* ContentView.swift in Sources */,
				6793D3072BC83A6200FC8C68 /* profilePic.swift in Sources */,
				67901FFE2BA4989400CE0AAC /* RoommateApp.swift in Sources */,
				673E3F6D2BC5B597005229B7 /* ChatRow.swift in Sources */,
				673F08412BCD711700371E38 /* UploadViewModel.swift in Sources */,
				67B7DBF02BC87D0D00FCB550 /* AgoraVideoViewerRepresentable.swift in Sources */,
				673E3F4E2BBD0FCC005229B7 /* EditPhotoItem.swift in Sources */,
				6790201E2BAA12C000CE0AAC /* School.swift in Sources */,
				673E3F502BBD1502005229B7 /* EditPhotoMatrix.swift in Sources */,
				679020192BAA0E2300CE0AAC /* Purpose.swift in Sources */,
				679020182BAA0E2300CE0AAC /* Gender.swift in Sources */,
			);
			runOnlyForDeploymentPostprocessing = 0;
		};
/* End PBXSourcesBuildPhase section */

/* Begin PBXTargetDependency section */
		91BA0FBB2BCAE85C00FEF90E /* PBXTargetDependency */ = {
			isa = PBXTargetDependency;
			productRef = 91BA0FBA2BCAE85C00FEF90E /* SwiftUIRtc */;
		};
		91BA0FBD2BCAE86100FEF90E /* PBXTargetDependency */ = {
			isa = PBXTargetDependency;
			productRef = 91BA0FBC2BCAE86100FEF90E /* AgoraRtmKit */;
		};
		91BA0FBF2BCAE86700FEF90E /* PBXTargetDependency */ = {
			isa = PBXTargetDependency;
			productRef = 91BA0FBE2BCAE86700FEF90E /* AgoraAppGroupDataHelper */;
		};
		91BA0FC12BCAE86A00FEF90E /* PBXTargetDependency */ = {
			isa = PBXTargetDependency;
			productRef = 91BA0FC02BCAE86A00FEF90E /* AgoraBroadcastExtensionHelper */;
		};
		91BA0FC32BCAE86D00FEF90E /* PBXTargetDependency */ = {
			isa = PBXTargetDependency;
			productRef = 91BA0FC22BCAE86D00FEF90E /* AgoraUIKit */;
		};
		91FE1BE42BABC43500980170 /* PBXTargetDependency */ = {
			isa = PBXTargetDependency;
			productRef = 91FE1BE32BABC43500980170 /* ECE564Login */;
		};
/* End PBXTargetDependency section */

/* Begin XCBuildConfiguration section */
		679020062BA4989500CE0AAC /* Debug */ = {
			isa = XCBuildConfiguration;
			buildSettings = {
				ALWAYS_SEARCH_USER_PATHS = NO;
				ASSETCATALOG_COMPILER_GENERATE_SWIFT_ASSET_SYMBOL_EXTENSIONS = YES;
				CLANG_ANALYZER_NONNULL = YES;
				CLANG_ANALYZER_NUMBER_OBJECT_CONVERSION = YES_AGGRESSIVE;
				CLANG_CXX_LANGUAGE_STANDARD = "gnu++20";
				CLANG_ENABLE_MODULES = YES;
				CLANG_ENABLE_OBJC_ARC = YES;
				CLANG_ENABLE_OBJC_WEAK = YES;
				CLANG_WARN_BLOCK_CAPTURE_AUTORELEASING = YES;
				CLANG_WARN_BOOL_CONVERSION = YES;
				CLANG_WARN_COMMA = YES;
				CLANG_WARN_CONSTANT_CONVERSION = YES;
				CLANG_WARN_DEPRECATED_OBJC_IMPLEMENTATIONS = YES;
				CLANG_WARN_DIRECT_OBJC_ISA_USAGE = YES_ERROR;
				CLANG_WARN_DOCUMENTATION_COMMENTS = YES;
				CLANG_WARN_EMPTY_BODY = YES;
				CLANG_WARN_ENUM_CONVERSION = YES;
				CLANG_WARN_INFINITE_RECURSION = YES;
				CLANG_WARN_INT_CONVERSION = YES;
				CLANG_WARN_NON_LITERAL_NULL_CONVERSION = YES;
				CLANG_WARN_OBJC_IMPLICIT_RETAIN_SELF = YES;
				CLANG_WARN_OBJC_LITERAL_CONVERSION = YES;
				CLANG_WARN_OBJC_ROOT_CLASS = YES_ERROR;
				CLANG_WARN_QUOTED_INCLUDE_IN_FRAMEWORK_HEADER = YES;
				CLANG_WARN_RANGE_LOOP_ANALYSIS = YES;
				CLANG_WARN_STRICT_PROTOTYPES = YES;
				CLANG_WARN_SUSPICIOUS_MOVE = YES;
				CLANG_WARN_UNGUARDED_AVAILABILITY = YES_AGGRESSIVE;
				CLANG_WARN_UNREACHABLE_CODE = YES;
				CLANG_WARN__DUPLICATE_METHOD_MATCH = YES;
				COPY_PHASE_STRIP = NO;
				DEBUG_INFORMATION_FORMAT = dwarf;
				ENABLE_STRICT_OBJC_MSGSEND = YES;
				ENABLE_TESTABILITY = YES;
				ENABLE_USER_SCRIPT_SANDBOXING = YES;
				GCC_C_LANGUAGE_STANDARD = gnu17;
				GCC_DYNAMIC_NO_PIC = NO;
				GCC_NO_COMMON_BLOCKS = YES;
				GCC_OPTIMIZATION_LEVEL = 0;
				GCC_PREPROCESSOR_DEFINITIONS = (
					"DEBUG=1",
					"$(inherited)",
				);
				GCC_WARN_64_TO_32_BIT_CONVERSION = YES;
				GCC_WARN_ABOUT_RETURN_TYPE = YES_ERROR;
				GCC_WARN_UNDECLARED_SELECTOR = YES;
				GCC_WARN_UNINITIALIZED_AUTOS = YES_AGGRESSIVE;
				GCC_WARN_UNUSED_FUNCTION = YES;
				GCC_WARN_UNUSED_VARIABLE = YES;
				IPHONEOS_DEPLOYMENT_TARGET = 17.2;
				LOCALIZATION_PREFERS_STRING_CATALOGS = YES;
				MTL_ENABLE_DEBUG_INFO = INCLUDE_SOURCE;
				MTL_FAST_MATH = YES;
				ONLY_ACTIVE_ARCH = YES;
				SDKROOT = iphoneos;
				SWIFT_ACTIVE_COMPILATION_CONDITIONS = "DEBUG $(inherited)";
				SWIFT_OPTIMIZATION_LEVEL = "-Onone";
			};
			name = Debug;
		};
		679020072BA4989500CE0AAC /* Release */ = {
			isa = XCBuildConfiguration;
			buildSettings = {
				ALWAYS_SEARCH_USER_PATHS = NO;
				ASSETCATALOG_COMPILER_GENERATE_SWIFT_ASSET_SYMBOL_EXTENSIONS = YES;
				CLANG_ANALYZER_NONNULL = YES;
				CLANG_ANALYZER_NUMBER_OBJECT_CONVERSION = YES_AGGRESSIVE;
				CLANG_CXX_LANGUAGE_STANDARD = "gnu++20";
				CLANG_ENABLE_MODULES = YES;
				CLANG_ENABLE_OBJC_ARC = YES;
				CLANG_ENABLE_OBJC_WEAK = YES;
				CLANG_WARN_BLOCK_CAPTURE_AUTORELEASING = YES;
				CLANG_WARN_BOOL_CONVERSION = YES;
				CLANG_WARN_COMMA = YES;
				CLANG_WARN_CONSTANT_CONVERSION = YES;
				CLANG_WARN_DEPRECATED_OBJC_IMPLEMENTATIONS = YES;
				CLANG_WARN_DIRECT_OBJC_ISA_USAGE = YES_ERROR;
				CLANG_WARN_DOCUMENTATION_COMMENTS = YES;
				CLANG_WARN_EMPTY_BODY = YES;
				CLANG_WARN_ENUM_CONVERSION = YES;
				CLANG_WARN_INFINITE_RECURSION = YES;
				CLANG_WARN_INT_CONVERSION = YES;
				CLANG_WARN_NON_LITERAL_NULL_CONVERSION = YES;
				CLANG_WARN_OBJC_IMPLICIT_RETAIN_SELF = YES;
				CLANG_WARN_OBJC_LITERAL_CONVERSION = YES;
				CLANG_WARN_OBJC_ROOT_CLASS = YES_ERROR;
				CLANG_WARN_QUOTED_INCLUDE_IN_FRAMEWORK_HEADER = YES;
				CLANG_WARN_RANGE_LOOP_ANALYSIS = YES;
				CLANG_WARN_STRICT_PROTOTYPES = YES;
				CLANG_WARN_SUSPICIOUS_MOVE = YES;
				CLANG_WARN_UNGUARDED_AVAILABILITY = YES_AGGRESSIVE;
				CLANG_WARN_UNREACHABLE_CODE = YES;
				CLANG_WARN__DUPLICATE_METHOD_MATCH = YES;
				COPY_PHASE_STRIP = NO;
				DEBUG_INFORMATION_FORMAT = "dwarf-with-dsym";
				ENABLE_NS_ASSERTIONS = NO;
				ENABLE_STRICT_OBJC_MSGSEND = YES;
				ENABLE_USER_SCRIPT_SANDBOXING = YES;
				GCC_C_LANGUAGE_STANDARD = gnu17;
				GCC_NO_COMMON_BLOCKS = YES;
				GCC_WARN_64_TO_32_BIT_CONVERSION = YES;
				GCC_WARN_ABOUT_RETURN_TYPE = YES_ERROR;
				GCC_WARN_UNDECLARED_SELECTOR = YES;
				GCC_WARN_UNINITIALIZED_AUTOS = YES_AGGRESSIVE;
				GCC_WARN_UNUSED_FUNCTION = YES;
				GCC_WARN_UNUSED_VARIABLE = YES;
				IPHONEOS_DEPLOYMENT_TARGET = 17.2;
				LOCALIZATION_PREFERS_STRING_CATALOGS = YES;
				MTL_ENABLE_DEBUG_INFO = NO;
				MTL_FAST_MATH = YES;
				SDKROOT = iphoneos;
				SWIFT_COMPILATION_MODE = wholemodule;
				VALIDATE_PRODUCT = YES;
			};
			name = Release;
		};
		679020092BA4989500CE0AAC /* Debug */ = {
			isa = XCBuildConfiguration;
			buildSettings = {
				ASSETCATALOG_COMPILER_APPICON_NAME = AppIcon;
				ASSETCATALOG_COMPILER_GLOBAL_ACCENT_COLOR_NAME = AccentColor;
				CODE_SIGN_STYLE = Automatic;
				CURRENT_PROJECT_VERSION = 1;
				DEVELOPMENT_ASSET_PATHS = "\"Roommate/Preview Content\"";
				DEVELOPMENT_TEAM = 6LR5K8LYYD;
				ENABLE_PREVIEWS = YES;
				GENERATE_INFOPLIST_FILE = YES;
				INFOPLIST_FILE = Roommate/Info.plist;
				INFOPLIST_KEY_NSCameraUsageDescription = "We need your permission to the camera.";
				INFOPLIST_KEY_NSMicrophoneUsageDescription = "We need your permission to the microphone.";
				INFOPLIST_KEY_NSPhotoLibraryUsageDescription = "We need your permission to the photo library.";
				INFOPLIST_KEY_UIApplicationSceneManifest_Generation = YES;
				INFOPLIST_KEY_UIApplicationSupportsIndirectInputEvents = YES;
				INFOPLIST_KEY_UILaunchScreen_Generation = YES;
				INFOPLIST_KEY_UISupportedInterfaceOrientations_iPad = "UIInterfaceOrientationPortrait UIInterfaceOrientationPortraitUpsideDown UIInterfaceOrientationLandscapeLeft UIInterfaceOrientationLandscapeRight";
				INFOPLIST_KEY_UISupportedInterfaceOrientations_iPhone = "UIInterfaceOrientationPortrait UIInterfaceOrientationLandscapeLeft UIInterfaceOrientationLandscapeRight";
				LD_RUNPATH_SEARCH_PATHS = (
					"$(inherited)",
					"@executable_path/Frameworks",
				);
				MARKETING_VERSION = 1.0;
				PRODUCT_BUNDLE_IDENTIFIER = edu.duke.ah629.Roommate;
				PRODUCT_NAME = "$(TARGET_NAME)";
				SWIFT_EMIT_LOC_STRINGS = YES;
				SWIFT_VERSION = 5.0;
				TARGETED_DEVICE_FAMILY = "1,2";
			};
			name = Debug;
		};
		6790200A2BA4989500CE0AAC /* Release */ = {
			isa = XCBuildConfiguration;
			buildSettings = {
				ASSETCATALOG_COMPILER_APPICON_NAME = AppIcon;
				ASSETCATALOG_COMPILER_GLOBAL_ACCENT_COLOR_NAME = AccentColor;
				CODE_SIGN_STYLE = Automatic;
				CURRENT_PROJECT_VERSION = 1;
				DEVELOPMENT_ASSET_PATHS = "\"Roommate/Preview Content\"";
				DEVELOPMENT_TEAM = 6LR5K8LYYD;
				ENABLE_PREVIEWS = YES;
				GENERATE_INFOPLIST_FILE = YES;
				INFOPLIST_FILE = Roommate/Info.plist;
				INFOPLIST_KEY_NSCameraUsageDescription = "We need your permission to the camera.";
				INFOPLIST_KEY_NSMicrophoneUsageDescription = "We need your permission to the microphone.";
				INFOPLIST_KEY_NSPhotoLibraryUsageDescription = "We need your permission to the photo library.";
				INFOPLIST_KEY_UIApplicationSceneManifest_Generation = YES;
				INFOPLIST_KEY_UIApplicationSupportsIndirectInputEvents = YES;
				INFOPLIST_KEY_UILaunchScreen_Generation = YES;
				INFOPLIST_KEY_UISupportedInterfaceOrientations_iPad = "UIInterfaceOrientationPortrait UIInterfaceOrientationPortraitUpsideDown UIInterfaceOrientationLandscapeLeft UIInterfaceOrientationLandscapeRight";
				INFOPLIST_KEY_UISupportedInterfaceOrientations_iPhone = "UIInterfaceOrientationPortrait UIInterfaceOrientationLandscapeLeft UIInterfaceOrientationLandscapeRight";
				LD_RUNPATH_SEARCH_PATHS = (
					"$(inherited)",
					"@executable_path/Frameworks",
				);
				MARKETING_VERSION = 1.0;
				PRODUCT_BUNDLE_IDENTIFIER = edu.duke.ah629.Roommate;
				PRODUCT_NAME = "$(TARGET_NAME)";
				SWIFT_EMIT_LOC_STRINGS = YES;
				SWIFT_VERSION = 5.0;
				TARGETED_DEVICE_FAMILY = "1,2";
			};
			name = Release;
		};
/* End XCBuildConfiguration section */

/* Begin XCConfigurationList section */
		67901FF52BA4989400CE0AAC /* Build configuration list for PBXProject "Roommate" */ = {
			isa = XCConfigurationList;
			buildConfigurations = (
				679020062BA4989500CE0AAC /* Debug */,
				679020072BA4989500CE0AAC /* Release */,
			);
			defaultConfigurationIsVisible = 0;
			defaultConfigurationName = Release;
		};
		679020082BA4989500CE0AAC /* Build configuration list for PBXNativeTarget "Roommate" */ = {
			isa = XCConfigurationList;
			buildConfigurations = (
				679020092BA4989500CE0AAC /* Debug */,
				6790200A2BA4989500CE0AAC /* Release */,
			);
			defaultConfigurationIsVisible = 0;
			defaultConfigurationName = Release;
		};
/* End XCConfigurationList section */

/* Begin XCRemoteSwiftPackageReference section */
		6793D2F02BC7110900FC8C68 /* XCRemoteSwiftPackageReference "SwiftUIRtc" */ = {
			isa = XCRemoteSwiftPackageReference;
			repositoryURL = "https://github.com/AgoraIO-Community/SwiftUIRtc.git";
			requirement = {
				kind = upToNextMajorVersion;
				minimumVersion = 0.5.0;
			};
		};
		6793D2F52BC7383200FC8C68 /* XCRemoteSwiftPackageReference "AgoraRtm_iOS" */ = {
			isa = XCRemoteSwiftPackageReference;
			repositoryURL = "https://github.com/AgoraIO/AgoraRtm_iOS";
			requirement = {
				kind = upToNextMajorVersion;
				minimumVersion = 1.5.1;
			};
		};
		67B7DBF12BC87E2500FCB550 /* XCRemoteSwiftPackageReference "VideoUIKit-iOS" */ = {
			isa = XCRemoteSwiftPackageReference;
			repositoryURL = "https://github.com/AgoraIO-Community/VideoUIKit-iOS.git";
			requirement = {
				kind = upToNextMajorVersion;
				minimumVersion = 4.1.1;
			};
		};
		91FE1BE02BABC43000980170 /* XCRemoteSwiftPackageReference "ECE564Login" */ = {
			isa = XCRemoteSwiftPackageReference;
			repositoryURL = "https://github.com/0HugoHu/ECE564Login";
			requirement = {
				branch = main;
				kind = branch;
			};
		};
/* End XCRemoteSwiftPackageReference section */

/* Begin XCSwiftPackageProductDependency section */
		6793D2F12BC7110900FC8C68 /* SwiftUIRtc */ = {
			isa = XCSwiftPackageProductDependency;
			package = 6793D2F02BC7110900FC8C68 /* XCRemoteSwiftPackageReference "SwiftUIRtc" */;
			productName = SwiftUIRtc;
		};
		6793D2F62BC7383200FC8C68 /* AgoraRtmKit */ = {
			isa = XCSwiftPackageProductDependency;
			package = 6793D2F52BC7383200FC8C68 /* XCRemoteSwiftPackageReference "AgoraRtm_iOS" */;
			productName = AgoraRtmKit;
		};
		67B7DBF22BC87E2500FCB550 /* AgoraAppGroupDataHelper */ = {
			isa = XCSwiftPackageProductDependency;
			package = 67B7DBF12BC87E2500FCB550 /* XCRemoteSwiftPackageReference "VideoUIKit-iOS" */;
			productName = AgoraAppGroupDataHelper;
		};
		67B7DBF42BC87E2500FCB550 /* AgoraBroadcastExtensionHelper */ = {
			isa = XCSwiftPackageProductDependency;
			package = 67B7DBF12BC87E2500FCB550 /* XCRemoteSwiftPackageReference "VideoUIKit-iOS" */;
			productName = AgoraBroadcastExtensionHelper;
		};
		67B7DBF62BC87E2500FCB550 /* AgoraUIKit */ = {
			isa = XCSwiftPackageProductDependency;
			package = 67B7DBF12BC87E2500FCB550 /* XCRemoteSwiftPackageReference "VideoUIKit-iOS" */;
			productName = AgoraUIKit;
		};
		91BA0FBA2BCAE85C00FEF90E /* SwiftUIRtc */ = {
			isa = XCSwiftPackageProductDependency;
			package = 6793D2F02BC7110900FC8C68 /* XCRemoteSwiftPackageReference "SwiftUIRtc" */;
			productName = SwiftUIRtc;
		};
		91BA0FBC2BCAE86100FEF90E /* AgoraRtmKit */ = {
			isa = XCSwiftPackageProductDependency;
			package = 6793D2F52BC7383200FC8C68 /* XCRemoteSwiftPackageReference "AgoraRtm_iOS" */;
			productName = AgoraRtmKit;
		};
		91BA0FBE2BCAE86700FEF90E /* AgoraAppGroupDataHelper */ = {
			isa = XCSwiftPackageProductDependency;
			package = 67B7DBF12BC87E2500FCB550 /* XCRemoteSwiftPackageReference "VideoUIKit-iOS" */;
			productName = AgoraAppGroupDataHelper;
		};
		91BA0FC02BCAE86A00FEF90E /* AgoraBroadcastExtensionHelper */ = {
			isa = XCSwiftPackageProductDependency;
			package = 67B7DBF12BC87E2500FCB550 /* XCRemoteSwiftPackageReference "VideoUIKit-iOS" */;
			productName = AgoraBroadcastExtensionHelper;
		};
		91BA0FC22BCAE86D00FEF90E /* AgoraUIKit */ = {
			isa = XCSwiftPackageProductDependency;
			package = 67B7DBF12BC87E2500FCB550 /* XCRemoteSwiftPackageReference "VideoUIKit-iOS" */;
			productName = AgoraUIKit;
		};
		91FE1BE12BABC43000980170 /* ECE564Login */ = {
			isa = XCSwiftPackageProductDependency;
			package = 91FE1BE02BABC43000980170 /* XCRemoteSwiftPackageReference "ECE564Login" */;
			productName = ECE564Login;
		};
		91FE1BE32BABC43500980170 /* ECE564Login */ = {
			isa = XCSwiftPackageProductDependency;
			package = 91FE1BE02BABC43000980170 /* XCRemoteSwiftPackageReference "ECE564Login" */;
			productName = ECE564Login;
		};
/* End XCSwiftPackageProductDependency section */
	};
	rootObject = 67901FF22BA4989400CE0AAC /* Project object */;
}
